
Microsoft Visual Studio Solution File, Format Version 12.00
# Visual Studio 15
VisualStudioVersion = 15.0.27428.2005
MinimumVisualStudioVersion = 10.0.40219.1
Project("{FAE04EC0-301F-11D3-BF4B-00C04F79EFBC}") = "ObjectOrientedDesign", "ObjectOrientedDesign\ObjectOrientedDesign.csproj", "{2D95FFC3-16E8-4528-8045-7EFC9287D84C}"
EndProject
Global
	GlobalSection(SolutionConfigurationPlatforms) = preSolution
		Debug|Any CPU = Debug|Any CPU
		Release|Any CPU = Release|Any CPU
	EndGlobalSection
	GlobalSection(ProjectConfigurationPlatforms) = postSolution
		{2D95FFC3-16E8-4528-8045-7EFC9287D84C}.Debug|Any CPU.ActiveCfg = Debug|Any CPU
		{2D95FFC3-16E8-4528-8045-7EFC9287D84C}.Debug|Any CPU.Build.0 = Debug|Any CPU
		{2D95FFC3-16E8-4528-8045-7EFC9287D84C}.Release|Any CPU.ActiveCfg = Release|Any CPU
		{2D95FFC3-16E8-4528-8045-7EFC9287D84C}.Release|Any CPU.Build.0 = Release|Any CPU
	EndGlobalSection
	GlobalSection(SolutionProperties) = preSolution
		HideSolutionNode = FALSE
	EndGlobalSection
	GlobalSection(ExtensibilityGlobals) = postSolution
		SolutionGuid = {A726956D-D4EE-4E76-8F0D-1B48FC1C569F}
	EndGlobalSection
EndGlobal
